
Microsoft Visual Studio Solution File, Format Version 12.00
# Visual Studio Version 16
VisualStudioVersion = 16.0.29613.14
MinimumVisualStudioVersion = 10.0.40219.1
Project("{FAE04EC0-301F-11D3-BF4B-00C04F79EFBC}") = "TenisWeb", "TenisWeb\TenisWeb.csproj", "{EFB36DFC-F56D-4B91-B313-EBD4E4F9B52C}"
EndProject
Global
	GlobalSection(SolutionConfigurationPlatforms) = preSolution
		Debug|Any CPU = Debug|Any CPU
		Release|Any CPU = Release|Any CPU
	EndGlobalSection
	GlobalSection(ProjectConfigurationPlatforms) = postSolution
		{EFB36DFC-F56D-4B91-B313-EBD4E4F9B52C}.Debug|Any CPU.ActiveCfg = Debug|Any CPU
		{EFB36DFC-F56D-4B91-B313-EBD4E4F9B52C}.Debug|Any CPU.Build.0 = Debug|Any CPU
		{EFB36DFC-F56D-4B91-B313-EBD4E4F9B52C}.Release|Any CPU.ActiveCfg = Release|Any CPU
		{EFB36DFC-F56D-4B91-B313-EBD4E4F9B52C}.Release|Any CPU.Build.0 = Release|Any CPU
	EndGlobalSection
	GlobalSection(SolutionProperties) = preSolution
		HideSolutionNode = FALSE
	EndGlobalSection
	GlobalSection(ExtensibilityGlobals) = postSolution
		SolutionGuid = {EF8A9F46-31CB-4C5B-AAAD-1E0DD0DF8A8B}
	EndGlobalSection
EndGlobal
